{
  "name": "bf",
  "version": "1.0.0",
  "lockfileVersion": 3,
  "requires": true,
  "packages": {
    "": {
      "name": "bf",
      "version": "1.0.0",
      "dependencies": {
        "@wolflu05/braingoat": "^0.1.0"
      }
    },
    "node_modules/@wolflu05/braingoat": {
      "version": "0.1.0",
      "resolved": "https://npm.pkg.github.com/download/@wolflu05/braingoat/0.1.0/7b068d4c16714d31f6b94005882f906e56dc9a64",
      "integrity": "sha512-l5mCTfq+iJzEYDpT8mbjHTf5M3+dOryvtro2q+5Vf5SMgARpznUIY1kBLB3XFuqjcyd3qIzkIDhutsLXkfaFhA=="
    }
  }
}